// !$*UTF8*$!
{
	archiveVersion = 1;
	classes = {
	};
	objectVersion = 50;
	objects = {

/* Begin PBXBuildFile section */
		E2FB08D52390A06C00C240A0 /* AppDelegate.swift in Sources */ = {isa = PBXBuildFile; fileRef = E2FB08D42390A06C00C240A0 /* AppDelegate.swift */; };
		E2FB08D72390A06C00C240A0 /* SceneDelegate.swift in Sources */ = {isa = PBXBuildFile; fileRef = E2FB08D62390A06C00C240A0 /* SceneDelegate.swift */; };
		E2FB08D92390A06C00C240A0 /* ContentView.swift in Sources */ = {isa = PBXBuildFile; fileRef = E2FB08D82390A06C00C240A0 /* ContentView.swift */; };
		E2FB08DB2390A06D00C240A0 /* Assets.xcassets in Resources */ = {isa = PBXBuildFile; fileRef = E2FB08DA2390A06D00C240A0 /* Assets.xcassets */; };
		E2FB08DE2390A06D00C240A0 /* Preview Assets.xcassets in Resources */ = {isa = PBXBuildFile; fileRef = E2FB08DD2390A06D00C240A0 /* Preview Assets.xcassets */; };
		E2FB08E12390A06D00C240A0 /* LaunchScreen.storyboard in Resources */ = {isa = PBXBuildFile; fileRef = E2FB08DF2390A06D00C240A0 /* LaunchScreen.storyboard */; };
		E2FB08E92390B61D00C240A0 /* CircleImage.swift in Sources */ = {isa = PBXBuildFile; fileRef = E2FB08E82390B61D00C240A0 /* CircleImage.swift */; };
		E2FB08EB2390B8CA00C240A0 /* MapView.swift in Sources */ = {isa = PBXBuildFile; fileRef = E2FB08EA2390B8CA00C240A0 /* MapView.swift */; };
/* End PBXBuildFile section */

/* Begin PBXFileReference section */
		E2FB08D12390A06C00C240A0 /* CreatingAndCombiningViews.app */ = {isa = PBXFileReference; explicitFileType = wrapper.application; includeInIndex = 0; path = CreatingAndCombiningViews.app; sourceTree = BUILT_PRODUCTS_DIR; };
		E2FB08D42390A06C00C240A0 /* AppDelegate.swift */ = {isa = PBXFileReference; lastKnownFileType = sourcecode.swift; path = AppDelegate.swift; sourceTree = "<group>"; };
		E2FB08D62390A06C00C240A0 /* SceneDelegate.swift */ = {isa = PBXFileReference; lastKnownFileType = sourcecode.swift; path = SceneDelegate.swift; sourceTree = "<group>"; };
		E2FB08D82390A06C00C240A0 /* ContentView.swift */ = {isa = PBXFileReference; lastKnownFileType = sourcecode.swift; path = ContentView.swift; sourceTree = "<group>"; };
		E2FB08DA2390A06D00C240A0 /* Assets.xcassets */ = {isa = PBXFileReference; lastKnownFileType = folder.assetcatalog; path = Assets.xcassets; sourceTree = "<group>"; };
		E2FB08DD2390A06D00C240A0 /* Preview Assets.xcassets */ = {isa = PBXFileReference; lastKnownFileType = folder.assetcatalog; path = "Preview Assets.xcassets"; sourceTree = "<group>"; };
		E2FB08E02390A06D00C240A0 /* Base */ = {isa = PBXFileReference; lastKnownFileType = file.storyboard; name = Base; path = Base.lproj/LaunchScreen.storyboard; sourceTree = "<group>"; };
		E2FB08E22390A06D00C240A0 /* Info.plist */ = {isa = PBXFileReference; lastKnownFileType = text.plist.xml; path = Info.plist; sourceTree = "<group>"; };
		E2FB08E82390B61D00C240A0 /* CircleImage.swift */ = {isa = PBXFileReference; lastKnownFileType = sourcecode.swift; path = CircleImage.swift; sourceTree = "<group>"; };
		E2FB08EA2390B8CA00C240A0 /* MapView.swift */ = {isa = PBXFileReference; lastKnownFileType = sourcecode.swift; path = MapView.swift; sourceTree = "<group>"; };
/* End PBXFileReference section */

/* Begin PBXFrameworksBuildPhase section */
		E2FB08CE2390A06C00C240A0 /* Frameworks */ = {
			isa = PBXFrameworksBuildPhase;
			buildActionMask = 2147483647;
			files = (
			);
			runOnlyForDeploymentPostprocessing = 0;
		};
/* End PBXFrameworksBuildPhase section */

/* Begin PBXGroup section */
		E2FB08C82390A06C00C240A0 = {
			isa = PBXGroup;
			children = (
				E2FB08D32390A06C00C240A0 /* CreatingAndCombiningViews */,
				E2FB08D22390A06C00C240A0 /* Products */,
			);
			sourceTree = "<group>";
		};
		E2FB08D22390A06C00C240A0 /* Products */ = {
			isa = PBXGroup;
			children = (
				E2FB08D12390A06C00C240A0 /* CreatingAndCombiningViews.app */,
			);
			name = Products;
			sourceTree = "<group>";
		};
		E2FB08D32390A06C00C240A0 /* CreatingAndCombiningViews */ = {
			isa = PBXGroup;
			children = (
				E2FB08D42390A06C00C240A0 /* AppDelegate.swift */,
				E2FB08D62390A06C00C240A0 /* SceneDelegate.swift */,
				E2FB08D82390A06C00C240A0 /* ContentView.swift */,
				E2FB08E82390B61D00C240A0 /* CircleImage.swift */,
				E2FB08EA2390B8CA00C240A0 /* MapView.swift */,
				E2FB08DA2390A06D00C240A0 /* Assets.xcassets */,
				E2FB08DF2390A06D00C240A0 /* LaunchScreen.storyboard */,
				E2FB08E22390A06D00C240A0 /* Info.plist */,
				E2FB08DC2390A06D00C240A0 /* Preview Content */,
			);
			path = CreatingAndCombiningViews;
			sourceTree = "<group>";
		};
		E2FB08DC2390A06D00C240A0 /* Preview Content */ = {
			isa = PBXGroup;
			children = (
				E2FB08DD2390A06D00C240A0 /* Preview Assets.xcassets */,
			);
			path = "Preview Content";
			sourceTree = "<group>";
		};
/* End PBXGroup section */

/* Begin PBXNativeTarget section */
		E2FB08D02390A06C00C240A0 /* CreatingAndCombiningViews */ = {
			isa = PBXNativeTarget;
			buildConfigurationList = E2FB08E52390A06D00C240A0 /* Build configuration list for PBXNativeTarget "CreatingAndCombiningViews" */;
			buildPhases = (
				E2FB08CD2390A06C00C240A0 /* Sources */,
				E2FB08CE2390A06C00C240A0 /* Frameworks */,
				E2FB08CF2390A06C00C240A0 /* Resources */,
			);
			buildRules = (
			);
			dependencies = (
			);
			name = CreatingAndCombiningViews;
			productName = CreatingAndCombiningViews;
			productReference = E2FB08D12390A06C00C240A0 /* CreatingAndCombiningViews.app */;
			productType = "com.apple.product-type.application";
		};
/* End PBXNativeTarget section */

/* Begin PBXProject section */
		E2FB08C92390A06C00C240A0 /* Project object */ = {
			isa = PBXProject;
			attributes = {
				LastSwiftUpdateCheck = 1120;
				LastUpgradeCheck = 1120;
				ORGANIZATIONNAME = zgpeace;
				TargetAttributes = {
					E2FB08D02390A06C00C240A0 = {
						CreatedOnToolsVersion = 11.2.1;
					};
				};
			};
			buildConfigurationList = E2FB08CC2390A06C00C240A0 /* Build configuration list for PBXProject "CreatingAndCombiningViews" */;
			compatibilityVersion = "Xcode 9.3";
			developmentRegion = en;
			hasScannedForEncodings = 0;
			knownRegions = (
				en,
				Base,
			);
			mainGroup = E2FB08C82390A06C00C240A0;
			productRefGroup = E2FB08D22390A06C00C240A0 /* Products */;
			projectDirPath = "";
			projectRoot = "";
			targets = (
				E2FB08D02390A06C00C240A0 /* CreatingAndCombiningViews */,
			);
		};
/* End PBXProject section */

/* Begin PBXResourcesBuildPhase section */
		E2FB08CF2390A06C00C240A0 /* Resources */ = {
			isa = PBXResourcesBuildPhase;
			buildActionMask = 2147483647;
			files = (
				E2FB08E12390A06D00C240A0 /* LaunchScreen.storyboard in Resources */,
				E2FB08DE2390A06D00C240A0 /* Preview Assets.xcassets in Resources */,
				E2FB08DB2390A06D00C240A0 /* Assets.xcassets in Resources */,
			);
			runOnlyForDeploymentPostprocessing = 0;
		};
/* End PBXResourcesBuildPhase section */

/* Begin PBXSourcesBuildPhase section */
		E2FB08CD2390A06C00C240A0 /* Sources */ = {
			isa = PBXSourcesBuildPhase;
			buildActionMask = 2147483647;
			files = (
				E2FB08D52390A06C00C240A0 /* AppDelegate.swift in Sources */,
				E2FB08E92390B61D00C240A0 /* CircleImage.swift in Sources */,
				E2FB08EB2390B8CA00C240A0 /* MapView.swift in Sources */,
				E2FB08D72390A06C00C240A0 /* SceneDelegate.swift in Sources */,
				E2FB08D92390A06C00C240A0 /* ContentView.swift in Sources */,
			);
			runOnlyForDeploymentPostprocessing = 0;
		};
/* End PBXSourcesBuildPhase section */

/* Begin PBXVariantGroup section */
		E2FB08DF2390A06D00C240A0 /* LaunchScreen.storyboard */ = {
			isa = PBXVariantGroup;
			children = (
				E2FB08E02390A06D00C240A0 /* Base */,
			);
			name = LaunchScreen.storyboard;
			sourceTree = "<group>";
		};
/* End PBXVariantGroup section */

/* Begin XCBuildConfiguration section */
		E2FB08E32390A06D00C240A0 /* Debug */ = {
			isa = XCBuildConfiguration;
			buildSettings = {
				ALWAYS_SEARCH_USER_PATHS = NO;
				CLANG_ANALYZER_NONNULL = YES;
				CLANG_ANALYZER_NUMBER_OBJECT_CONVERSION = YES_AGGRESSIVE;
				CLANG_CXX_LANGUAGE_STANDARD = "gnu++14";
				CLANG_CXX_LIBRARY = "libc++";
				CLANG_ENABLE_MODULES = YES;
				CLANG_ENABLE_OBJC_ARC = YES;
				CLANG_ENABLE_OBJC_WEAK = YES;
				CLANG_WARN_BLOCK_CAPTURE_AUTORELEASING = YES;
				CLANG_WARN_BOOL_CONVERSION = YES;
				CLANG_WARN_COMMA = YES;
				CLANG_WARN_CONSTANT_CONVERSION = YES;
				CLANG_WARN_DEPRECATED_OBJC_IMPLEMENTATIONS = YES;
				CLANG_WARN_DIRECT_OBJC_ISA_USAGE = YES_ERROR;
				CLANG_WARN_DOCUMENTATION_COMMENTS = YES;
				CLANG_WARN_EMPTY_BODY = YES;
				CLANG_WARN_ENUM_CONVERSION = YES;
				CLANG_WARN_INFINITE_RECURSION = YES;
				CLANG_WARN_INT_CONVERSION = YES;
				CLANG_WARN_NON_LITERAL_NULL_CONVERSION = YES;
				CLANG_WARN_OBJC_IMPLICIT_RETAIN_SELF = YES;
				CLANG_WARN_OBJC_LITERAL_CONVERSION = YES;
				CLANG_WARN_OBJC_ROOT_CLASS = YES_ERROR;
				CLANG_WARN_RANGE_LOOP_ANALYSIS = YES;
				CLANG_WARN_STRICT_PROTOTYPES = YES;
				CLANG_WARN_SUSPICIOUS_MOVE = YES;
				CLANG_WARN_UNGUARDED_AVAILABILITY = YES_AGGRESSIVE;
				CLANG_WARN_UNREACHABLE_CODE = YES;
				CLANG_WARN__DUPLICATE_METHOD_MATCH = YES;
				COPY_PHASE_STRIP = NO;
				DEBUG_INFORMATION_FORMAT = dwarf;
				ENABLE_STRICT_OBJC_MSGSEND = YES;
				ENABLE_TESTABILITY = YES;
				GCC_C_LANGUAGE_STANDARD = gnu11;
				GCC_DYNAMIC_NO_PIC = NO;
				GCC_NO_COMMON_BLOCKS = YES;
				GCC_OPTIMIZATION_LEVEL = 0;
				GCC_PREPROCESSOR_DEFINITIONS = (
					"DEBUG=1",
					"$(inherited)",
				);
				GCC_WARN_64_TO_32_BIT_CONVERSION = YES;
				GCC_WARN_ABOUT_RETURN_TYPE = YES_ERROR;
				GCC_WARN_UNDECLARED_SELECTOR = YES;
				GCC_WARN_UNINITIALIZED_AUTOS = YES_AGGRESSIVE;
				GCC_WARN_UNUSED_FUNCTION = YES;
				GCC_WARN_UNUSED_VARIABLE = YES;
				IPHONEOS_DEPLOYMENT_TARGET = 13.2;
				MTL_ENABLE_DEBUG_INFO = INCLUDE_SOURCE;
				MTL_FAST_MATH = YES;
				ONLY_ACTIVE_ARCH = YES;
				SDKROOT = iphoneos;
				SWIFT_ACTIVE_COMPILATION_CONDITIONS = DEBUG;
				SWIFT_OPTIMIZATION_LEVEL = "-Onone";
			};
			name = Debug;
		};
		E2FB08E42390A06D00C240A0 /* Release */ = {
			isa = XCBuildConfiguration;
			buildSettings = {
				ALWAYS_SEARCH_USER_PATHS = NO;
				CLANG_ANALYZER_NONNULL = YES;
				CLANG_ANALYZER_NUMBER_OBJECT_CONVERSION = YES_AGGRESSIVE;
				CLANG_CXX_LANGUAGE_STANDARD = "gnu++14";
				CLANG_CXX_LIBRARY = "libc++";
				CLANG_ENABLE_MODULES = YES;
				CLANG_ENABLE_OBJC_ARC = YES;
				CLANG_ENABLE_OBJC_WEAK = YES;
				CLANG_WARN_BLOCK_CAPTURE_AUTORELEASING = YES;
				CLANG_WARN_BOOL_CONVERSION = YES;
				CLANG_WARN_COMMA = YES;
				CLANG_WARN_CONSTANT_CONVERSION = YES;
				CLANG_WARN_DEPRECATED_OBJC_IMPLEMENTATIONS = YES;
				CLANG_WARN_DIRECT_OBJC_ISA_USAGE = YES_ERROR;
				CLANG_WARN_DOCUMENTATION_COMMENTS = YES;
				CLANG_WARN_EMPTY_BODY = YES;
				CLANG_WARN_ENUM_CONVERSION = YES;
				CLANG_WARN_INFINITE_RECURSION = YES;
				CLANG_WARN_INT_CONVERSION = YES;
				CLANG_WARN_NON_LITERAL_NULL_CONVERSION = YES;
				CLANG_WARN_OBJC_IMPLICIT_RETAIN_SELF = YES;
				CLANG_WARN_OBJC_LITERAL_CONVERSION = YES;
				CLANG_WARN_OBJC_ROOT_CLASS = YES_ERROR;
				CLANG_WARN_RANGE_LOOP_ANALYSIS = YES;
				CLANG_WARN_STRICT_PROTOTYPES = YES;
				CLANG_WARN_SUSPICIOUS_MOVE = YES;
				CLANG_WARN_UNGUARDED_AVAILABILITY = YES_AGGRESSIVE;
				CLANG_WARN_UNREACHABLE_CODE = YES;
				CLANG_WARN__DUPLICATE_METHOD_MATCH = YES;
				COPY_PHASE_STRIP = NO;
				DEBUG_INFORMATION_FORMAT = "dwarf-with-dsym";
				ENABLE_NS_ASSERTIONS = NO;
				ENABLE_STRICT_OBJC_MSGSEND = YES;
				GCC_C_LANGUAGE_STANDARD = gnu11;
				GCC_NO_COMMON_BLOCKS = YES;
				GCC_WARN_64_TO_32_BIT_CONVERSION = YES;
				GCC_WARN_ABOUT_RETURN_TYPE = YES_ERROR;
				GCC_WARN_UNDECLARED_SELECTOR = YES;
				GCC_WARN_UNINITIALIZED_AUTOS = YES_AGGRESSIVE;
				GCC_WARN_UNUSED_FUNCTION = YES;
				GCC_WARN_UNUSED_VARIABLE = YES;
				IPHONEOS_DEPLOYMENT_TARGET = 13.2;
				MTL_ENABLE_DEBUG_INFO = NO;
				MTL_FAST_MATH = YES;
				SDKROOT = iphoneos;
				SWIFT_COMPILATION_MODE = wholemodule;
				SWIFT_OPTIMIZATION_LEVEL = "-O";
				VALIDATE_PRODUCT = YES;
			};
			name = Release;
		};
		E2FB08E62390A06D00C240A0 /* Debug */ = {
			isa = XCBuildConfiguration;
			buildSettings = {
				ASSETCATALOG_COMPILER_APPICON_NAME = AppIcon;
				CODE_SIGN_STYLE = Automatic;
				DEVELOPMENT_ASSET_PATHS = "\"CreatingAndCombiningViews/Preview Content\"";
				DEVELOPMENT_TEAM = 473VV338ZU;
				ENABLE_PREVIEWS = YES;
				INFOPLIST_FILE = CreatingAndCombiningViews/Info.plist;
				LD_RUNPATH_SEARCH_PATHS = (
					"$(inherited)",
					"@executable_path/Frameworks",
				);
				PRODUCT_BUNDLE_IDENTIFIER = com.zgpeace.game.CreatingAndCombiningViews;
				PRODUCT_NAME = "$(TARGET_NAME)";
				SWIFT_VERSION = 5.0;
				TARGETED_DEVICE_FAMILY = "1,2";
			};
			name = Debug;
		};
		E2FB08E72390A06D00C240A0 /* Release */ = {
			isa = XCBuildConfiguration;
			buildSettings = {
				ASSETCATALOG_COMPILER_APPICON_NAME = AppIcon;
				CODE_SIGN_STYLE = Automatic;
				DEVELOPMENT_ASSET_PATHS = "\"CreatingAndCombiningViews/Preview Content\"";
				DEVELOPMENT_TEAM = 473VV338ZU;
				ENABLE_PREVIEWS = YES;
				INFOPLIST_FILE = CreatingAndCombiningViews/Info.plist;
				LD_RUNPATH_SEARCH_PATHS = (
					"$(inherited)",
					"@executable_path/Frameworks",
				);
				PRODUCT_BUNDLE_IDENTIFIER = com.zgpeace.game.CreatingAndCombiningViews;
				PRODUCT_NAME = "$(TARGET_NAME)";
				SWIFT_VERSION = 5.0;
				TARGETED_DEVICE_FAMILY = "1,2";
			};
			name = Release;
		};
/* End XCBuildConfiguration section */

/* Begin XCConfigurationList section */
		E2FB08CC2390A06C00C240A0 /* Build configuration list for PBXProject "CreatingAndCombiningViews" */ = {
			isa = XCConfigurationList;
			buildConfigurations = (
				E2FB08E32390A06D00C240A0 /* Debug */,
				E2FB08E42390A06D00C240A0 /* Release */,
			);
			defaultConfigurationIsVisible = 0;
			defaultConfigurationName = Release;
		};
		E2FB08E52390A06D00C240A0 /* Build configuration list for PBXNativeTarget "CreatingAndCombiningViews" */ = {
			isa = XCConfigurationList;
			buildConfigurations = (
				E2FB08E62390A06D00C240A0 /* Debug */,
				E2FB08E72390A06D00C240A0 /* Release */,
			);
			defaultConfigurationIsVisible = 0;
			defaultConfigurationName = Release;
		};
/* End XCConfigurationList section */
	};
	rootObject = E2FB08C92390A06C00C240A0 /* Project object */;
}
